
Microsoft Visual Studio Solution File, Format Version 12.00
# Visual Studio Version 17
VisualStudioVersion = 17.11.35222.181
MinimumVisualStudioVersion = 10.0.40219.1
Project("{FAE04EC0-301F-11D3-BF4B-00C04F79EFBC}") = "QuanLiKhachSan", "WebApplication1\QuanLiKhachSan.csproj", "{CFFE0FDB-13B7-475C-BA02-CD19021FFFDF}"
EndProject
Global
	GlobalSection(SolutionConfigurationPlatforms) = preSolution
		Debug|Any CPU = Debug|Any CPU
		Release|Any CPU = Release|Any CPU
	EndGlobalSection
	GlobalSection(ProjectConfigurationPlatforms) = postSolution
		{CFFE0FDB-13B7-475C-BA02-CD19021FFFDF}.Debug|Any CPU.ActiveCfg = Debug|Any CPU
		{CFFE0FDB-13B7-475C-BA02-CD19021FFFDF}.Debug|Any CPU.Build.0 = Debug|Any CPU
		{CFFE0FDB-13B7-475C-BA02-CD19021FFFDF}.Release|Any CPU.ActiveCfg = Release|Any CPU
		{CFFE0FDB-13B7-475C-BA02-CD19021FFFDF}.Release|Any CPU.Build.0 = Release|Any CPU
	EndGlobalSection
	GlobalSection(SolutionProperties) = preSolution
		HideSolutionNode = FALSE
	EndGlobalSection
	GlobalSection(ExtensibilityGlobals) = postSolution
		SolutionGuid = {B6EEC26D-0FF7-4EFA-9616-2D6AFEECECAB}
	EndGlobalSection
EndGlobal
